
Microsoft Visual Studio Solution File, Format Version 12.00
# Visual Studio 14
VisualStudioVersion = 14.0.22310.1
MinimumVisualStudioVersion = 10.0.40219.1
Project("{FAE04EC0-301F-11D3-BF4B-00C04F79EFBC}") = "Manbox", "Manbox\Manbox.csproj", "{70C18033-C393-4BDC-AACC-8A460BE5BC3E}"
EndProject
Project("{FAE04EC0-301F-11D3-BF4B-00C04F79EFBC}") = "Rant", "..\..\Rant\Rant\Rant.csproj", "{A4B6FD1A-44A6-42D2-B4AA-57BC85D2CDD7}"
EndProject
Global
	GlobalSection(SolutionConfigurationPlatforms) = preSolution
		Berkin-Release|Any CPU = Berkin-Release|Any CPU
		Debug|Any CPU = Debug|Any CPU
		MonoDebug|Any CPU = MonoDebug|Any CPU
		MonoRelease|Any CPU = MonoRelease|Any CPU
		Release|Any CPU = Release|Any CPU
	EndGlobalSection
	GlobalSection(ProjectConfigurationPlatforms) = postSolution
		{70C18033-C393-4BDC-AACC-8A460BE5BC3E}.Berkin-Release|Any CPU.ActiveCfg = Release|Any CPU
		{70C18033-C393-4BDC-AACC-8A460BE5BC3E}.Berkin-Release|Any CPU.Build.0 = Release|Any CPU
		{70C18033-C393-4BDC-AACC-8A460BE5BC3E}.Debug|Any CPU.ActiveCfg = Debug|Any CPU
		{70C18033-C393-4BDC-AACC-8A460BE5BC3E}.Debug|Any CPU.Build.0 = Debug|Any CPU
		{70C18033-C393-4BDC-AACC-8A460BE5BC3E}.MonoDebug|Any CPU.ActiveCfg = Debug|Any CPU
		{70C18033-C393-4BDC-AACC-8A460BE5BC3E}.MonoDebug|Any CPU.Build.0 = Debug|Any CPU
		{70C18033-C393-4BDC-AACC-8A460BE5BC3E}.MonoRelease|Any CPU.ActiveCfg = Release|Any CPU
		{70C18033-C393-4BDC-AACC-8A460BE5BC3E}.MonoRelease|Any CPU.Build.0 = Release|Any CPU
		{70C18033-C393-4BDC-AACC-8A460BE5BC3E}.Release|Any CPU.ActiveCfg = Release|Any CPU
		{70C18033-C393-4BDC-AACC-8A460BE5BC3E}.Release|Any CPU.Build.0 = Release|Any CPU
		{A4B6FD1A-44A6-42D2-B4AA-57BC85D2CDD7}.Berkin-Release|Any CPU.ActiveCfg = Berkin-Release|Any CPU
		{A4B6FD1A-44A6-42D2-B4AA-57BC85D2CDD7}.Berkin-Release|Any CPU.Build.0 = Berkin-Release|Any CPU
		{A4B6FD1A-44A6-42D2-B4AA-57BC85D2CDD7}.Debug|Any CPU.ActiveCfg = Debug|Any CPU
		{A4B6FD1A-44A6-42D2-B4AA-57BC85D2CDD7}.Debug|Any CPU.Build.0 = Debug|Any CPU
		{A4B6FD1A-44A6-42D2-B4AA-57BC85D2CDD7}.MonoDebug|Any CPU.ActiveCfg = Debug|Any CPU
		{A4B6FD1A-44A6-42D2-B4AA-57BC85D2CDD7}.MonoDebug|Any CPU.Build.0 = Debug|Any CPU
		{A4B6FD1A-44A6-42D2-B4AA-57BC85D2CDD7}.MonoRelease|Any CPU.ActiveCfg = Release|Any CPU
		{A4B6FD1A-44A6-42D2-B4AA-57BC85D2CDD7}.MonoRelease|Any CPU.Build.0 = Release|Any CPU
		{A4B6FD1A-44A6-42D2-B4AA-57BC85D2CDD7}.Release|Any CPU.ActiveCfg = Release|Any CPU
		{A4B6FD1A-44A6-42D2-B4AA-57BC85D2CDD7}.Release|Any CPU.Build.0 = Release|Any CPU
	EndGlobalSection
	GlobalSection(SolutionProperties) = preSolution
		HideSolutionNode = FALSE
	EndGlobalSection
EndGlobal
