
Microsoft Visual Studio Solution File, Format Version 12.00
# Visual Studio 2013
VisualStudioVersion = 12.0.21005.1
MinimumVisualStudioVersion = 10.0.40219.1
Project("{FAE04EC0-301F-11D3-BF4B-00C04F79EFBC}") = "Manbox", "Manbox\Manbox.csproj", "{70C18033-C393-4BDC-AACC-8A460BE5BC3E}"
EndProject
Project("{FAE04EC0-301F-11D3-BF4B-00C04F79EFBC}") = "Nancy", "..\..\..\..\Desktop\Programming\Nancy\src\Nancy\Nancy.csproj", "{34576216-0DCA-4B0F-A0DC-9075E75A676F}"
EndProject
Project("{FAE04EC0-301F-11D3-BF4B-00C04F79EFBC}") = "Nancy.Hosting.Self", "..\..\..\..\Desktop\Programming\Nancy\src\Nancy.Hosting.Self\Nancy.Hosting.Self.csproj", "{AA7F66EB-EC2C-47DE-855F-30B3E6EF2134}"
EndProject
Project("{FAE04EC0-301F-11D3-BF4B-00C04F79EFBC}") = "Rant", "..\..\..\..\Desktop\Repositories\Rant\Rant\Rant.csproj", "{A4B6FD1A-44A6-42D2-B4AA-57BC85D2CDD7}"
EndProject
Global
	GlobalSection(SolutionConfigurationPlatforms) = preSolution
		Berkin-Release|Any CPU = Berkin-Release|Any CPU
		Debug|Any CPU = Debug|Any CPU
		MonoDebug|Any CPU = MonoDebug|Any CPU
		MonoRelease|Any CPU = MonoRelease|Any CPU
		Release|Any CPU = Release|Any CPU
	EndGlobalSection
	GlobalSection(ProjectConfigurationPlatforms) = postSolution
		{70C18033-C393-4BDC-AACC-8A460BE5BC3E}.Berkin-Release|Any CPU.ActiveCfg = Release|Any CPU
		{70C18033-C393-4BDC-AACC-8A460BE5BC3E}.Berkin-Release|Any CPU.Build.0 = Release|Any CPU
		{70C18033-C393-4BDC-AACC-8A460BE5BC3E}.Debug|Any CPU.ActiveCfg = Debug|Any CPU
		{70C18033-C393-4BDC-AACC-8A460BE5BC3E}.Debug|Any CPU.Build.0 = Debug|Any CPU
		{70C18033-C393-4BDC-AACC-8A460BE5BC3E}.MonoDebug|Any CPU.ActiveCfg = Debug|Any CPU
		{70C18033-C393-4BDC-AACC-8A460BE5BC3E}.MonoDebug|Any CPU.Build.0 = Debug|Any CPU
		{70C18033-C393-4BDC-AACC-8A460BE5BC3E}.MonoRelease|Any CPU.ActiveCfg = Release|Any CPU
		{70C18033-C393-4BDC-AACC-8A460BE5BC3E}.MonoRelease|Any CPU.Build.0 = Release|Any CPU
		{70C18033-C393-4BDC-AACC-8A460BE5BC3E}.Release|Any CPU.ActiveCfg = Release|Any CPU
		{70C18033-C393-4BDC-AACC-8A460BE5BC3E}.Release|Any CPU.Build.0 = Release|Any CPU
		{34576216-0DCA-4B0F-A0DC-9075E75A676F}.Berkin-Release|Any CPU.ActiveCfg = Release|Any CPU
		{34576216-0DCA-4B0F-A0DC-9075E75A676F}.Berkin-Release|Any CPU.Build.0 = Release|Any CPU
		{34576216-0DCA-4B0F-A0DC-9075E75A676F}.Debug|Any CPU.ActiveCfg = Debug|Any CPU
		{34576216-0DCA-4B0F-A0DC-9075E75A676F}.Debug|Any CPU.Build.0 = Debug|Any CPU
		{34576216-0DCA-4B0F-A0DC-9075E75A676F}.MonoDebug|Any CPU.ActiveCfg = MonoDebug|Any CPU
		{34576216-0DCA-4B0F-A0DC-9075E75A676F}.MonoDebug|Any CPU.Build.0 = MonoDebug|Any CPU
		{34576216-0DCA-4B0F-A0DC-9075E75A676F}.MonoRelease|Any CPU.ActiveCfg = MonoRelease|Any CPU
		{34576216-0DCA-4B0F-A0DC-9075E75A676F}.MonoRelease|Any CPU.Build.0 = MonoRelease|Any CPU
		{34576216-0DCA-4B0F-A0DC-9075E75A676F}.Release|Any CPU.ActiveCfg = Release|Any CPU
		{34576216-0DCA-4B0F-A0DC-9075E75A676F}.Release|Any CPU.Build.0 = Release|Any CPU
		{AA7F66EB-EC2C-47DE-855F-30B3E6EF2134}.Berkin-Release|Any CPU.ActiveCfg = Release|Any CPU
		{AA7F66EB-EC2C-47DE-855F-30B3E6EF2134}.Berkin-Release|Any CPU.Build.0 = Release|Any CPU
		{AA7F66EB-EC2C-47DE-855F-30B3E6EF2134}.Debug|Any CPU.ActiveCfg = Debug|Any CPU
		{AA7F66EB-EC2C-47DE-855F-30B3E6EF2134}.Debug|Any CPU.Build.0 = Debug|Any CPU
		{AA7F66EB-EC2C-47DE-855F-30B3E6EF2134}.MonoDebug|Any CPU.ActiveCfg = MonoDebug|Any CPU
		{AA7F66EB-EC2C-47DE-855F-30B3E6EF2134}.MonoDebug|Any CPU.Build.0 = MonoDebug|Any CPU
		{AA7F66EB-EC2C-47DE-855F-30B3E6EF2134}.MonoRelease|Any CPU.ActiveCfg = MonoRelease|Any CPU
		{AA7F66EB-EC2C-47DE-855F-30B3E6EF2134}.MonoRelease|Any CPU.Build.0 = MonoRelease|Any CPU
		{AA7F66EB-EC2C-47DE-855F-30B3E6EF2134}.Release|Any CPU.ActiveCfg = Release|Any CPU
		{AA7F66EB-EC2C-47DE-855F-30B3E6EF2134}.Release|Any CPU.Build.0 = Release|Any CPU
		{A4B6FD1A-44A6-42D2-B4AA-57BC85D2CDD7}.Berkin-Release|Any CPU.ActiveCfg = Berkin-Release|Any CPU
		{A4B6FD1A-44A6-42D2-B4AA-57BC85D2CDD7}.Berkin-Release|Any CPU.Build.0 = Berkin-Release|Any CPU
		{A4B6FD1A-44A6-42D2-B4AA-57BC85D2CDD7}.Debug|Any CPU.ActiveCfg = Debug|Any CPU
		{A4B6FD1A-44A6-42D2-B4AA-57BC85D2CDD7}.Debug|Any CPU.Build.0 = Debug|Any CPU
		{A4B6FD1A-44A6-42D2-B4AA-57BC85D2CDD7}.MonoDebug|Any CPU.ActiveCfg = Debug|Any CPU
		{A4B6FD1A-44A6-42D2-B4AA-57BC85D2CDD7}.MonoDebug|Any CPU.Build.0 = Debug|Any CPU
		{A4B6FD1A-44A6-42D2-B4AA-57BC85D2CDD7}.MonoRelease|Any CPU.ActiveCfg = Release|Any CPU
		{A4B6FD1A-44A6-42D2-B4AA-57BC85D2CDD7}.MonoRelease|Any CPU.Build.0 = Release|Any CPU
		{A4B6FD1A-44A6-42D2-B4AA-57BC85D2CDD7}.Release|Any CPU.ActiveCfg = Release|Any CPU
		{A4B6FD1A-44A6-42D2-B4AA-57BC85D2CDD7}.Release|Any CPU.Build.0 = Release|Any CPU
	EndGlobalSection
	GlobalSection(SolutionProperties) = preSolution
		HideSolutionNode = FALSE
	EndGlobalSection
EndGlobal
